
Microsoft Visual Studio Solution File, Format Version 12.00
# Visual Studio Version 16
VisualStudioVersion = 16.0.31424.327
MinimumVisualStudioVersion = 10.0.40219.1
Project("{9A19103F-16F7-4668-BE54-9A1E7A4F7556}") = "Core", "Core\Core.csproj", "{69822694-4E88-4250-8C6A-727C206DA40E}"
EndProject
Project("{9A19103F-16F7-4668-BE54-9A1E7A4F7556}") = "Core.WebAPI", "Core.WebAPI\Core.WebAPI.csproj", "{0BEC73A2-8808-4D80-87F1-2A4715208744}"
EndProject
Project("{9A19103F-16F7-4668-BE54-9A1E7A4F7556}") = "Core.Data", "Core.Data\Core.Data.csproj", "{C295CF86-8FF5-4038-9B00-CC5C13BCF20C}"
EndProject
Project("{9A19103F-16F7-4668-BE54-9A1E7A4F7556}") = "Core.Application", "Core.Application\Core.Application.csproj", "{31D2DD08-FAFE-4859-8C10-80E6476C1FDE}"
EndProject
Project("{FAE04EC0-301F-11D3-BF4B-00C04F79EFBC}") = "Core.MessageBus", "Core.MessageBus\Core.MessageBus.csproj", "{33EC1C6D-9A62-4A37-9FE0-1181C7433EA7}"
EndProject
Global
	GlobalSection(SolutionConfigurationPlatforms) = preSolution
		Debug|Any CPU = Debug|Any CPU
		Release|Any CPU = Release|Any CPU
	EndGlobalSection
	GlobalSection(ProjectConfigurationPlatforms) = postSolution
		{69822694-4E88-4250-8C6A-727C206DA40E}.Debug|Any CPU.ActiveCfg = Debug|Any CPU
		{69822694-4E88-4250-8C6A-727C206DA40E}.Debug|Any CPU.Build.0 = Debug|Any CPU
		{69822694-4E88-4250-8C6A-727C206DA40E}.Release|Any CPU.ActiveCfg = Release|Any CPU
		{69822694-4E88-4250-8C6A-727C206DA40E}.Release|Any CPU.Build.0 = Release|Any CPU
		{0BEC73A2-8808-4D80-87F1-2A4715208744}.Debug|Any CPU.ActiveCfg = Debug|Any CPU
		{0BEC73A2-8808-4D80-87F1-2A4715208744}.Debug|Any CPU.Build.0 = Debug|Any CPU
		{0BEC73A2-8808-4D80-87F1-2A4715208744}.Release|Any CPU.ActiveCfg = Release|Any CPU
		{0BEC73A2-8808-4D80-87F1-2A4715208744}.Release|Any CPU.Build.0 = Release|Any CPU
		{C295CF86-8FF5-4038-9B00-CC5C13BCF20C}.Debug|Any CPU.ActiveCfg = Debug|Any CPU
		{C295CF86-8FF5-4038-9B00-CC5C13BCF20C}.Debug|Any CPU.Build.0 = Debug|Any CPU
		{C295CF86-8FF5-4038-9B00-CC5C13BCF20C}.Release|Any CPU.ActiveCfg = Release|Any CPU
		{C295CF86-8FF5-4038-9B00-CC5C13BCF20C}.Release|Any CPU.Build.0 = Release|Any CPU
		{31D2DD08-FAFE-4859-8C10-80E6476C1FDE}.Debug|Any CPU.ActiveCfg = Debug|Any CPU
		{31D2DD08-FAFE-4859-8C10-80E6476C1FDE}.Debug|Any CPU.Build.0 = Debug|Any CPU
		{31D2DD08-FAFE-4859-8C10-80E6476C1FDE}.Release|Any CPU.ActiveCfg = Release|Any CPU
		{31D2DD08-FAFE-4859-8C10-80E6476C1FDE}.Release|Any CPU.Build.0 = Release|Any CPU
		{33EC1C6D-9A62-4A37-9FE0-1181C7433EA7}.Debug|Any CPU.ActiveCfg = Debug|Any CPU
		{33EC1C6D-9A62-4A37-9FE0-1181C7433EA7}.Debug|Any CPU.Build.0 = Debug|Any CPU
		{33EC1C6D-9A62-4A37-9FE0-1181C7433EA7}.Release|Any CPU.ActiveCfg = Release|Any CPU
		{33EC1C6D-9A62-4A37-9FE0-1181C7433EA7}.Release|Any CPU.Build.0 = Release|Any CPU
	EndGlobalSection
	GlobalSection(SolutionProperties) = preSolution
		HideSolutionNode = FALSE
	EndGlobalSection
	GlobalSection(ExtensibilityGlobals) = postSolution
		SolutionGuid = {D0C17B60-CDB4-4710-9194-0CED75C724B5}
	EndGlobalSection
EndGlobal
