
Microsoft Visual Studio Solution File, Format Version 12.00
# Visual Studio Version 16
VisualStudioVersion = 16.0.31424.327
MinimumVisualStudioVersion = 10.0.40219.1
Project("{FAE04EC0-301F-11D3-BF4B-00C04F79EFBC}") = "Core", "Core\Core.csproj", "{69822694-4E88-4250-8C6A-727C206DA40E}"
EndProject
Project("{FAE04EC0-301F-11D3-BF4B-00C04F79EFBC}") = "Core.WebAPI", "Core.WebAPI\Core.WebAPI.csproj", "{0BEC73A2-8808-4D80-87F1-2A4715208744}"
EndProject
Global
	GlobalSection(SolutionConfigurationPlatforms) = preSolution
		Debug|Any CPU = Debug|Any CPU
		Release|Any CPU = Release|Any CPU
	EndGlobalSection
	GlobalSection(ProjectConfigurationPlatforms) = postSolution
		{69822694-4E88-4250-8C6A-727C206DA40E}.Debug|Any CPU.ActiveCfg = Debug|Any CPU
		{69822694-4E88-4250-8C6A-727C206DA40E}.Debug|Any CPU.Build.0 = Debug|Any CPU
		{69822694-4E88-4250-8C6A-727C206DA40E}.Release|Any CPU.ActiveCfg = Release|Any CPU
		{69822694-4E88-4250-8C6A-727C206DA40E}.Release|Any CPU.Build.0 = Release|Any CPU
		{0BEC73A2-8808-4D80-87F1-2A4715208744}.Debug|Any CPU.ActiveCfg = Debug|Any CPU
		{0BEC73A2-8808-4D80-87F1-2A4715208744}.Debug|Any CPU.Build.0 = Debug|Any CPU
		{0BEC73A2-8808-4D80-87F1-2A4715208744}.Release|Any CPU.ActiveCfg = Release|Any CPU
		{0BEC73A2-8808-4D80-87F1-2A4715208744}.Release|Any CPU.Build.0 = Release|Any CPU
	EndGlobalSection
	GlobalSection(SolutionProperties) = preSolution
		HideSolutionNode = FALSE
	EndGlobalSection
	GlobalSection(ExtensibilityGlobals) = postSolution
		SolutionGuid = {D0C17B60-CDB4-4710-9194-0CED75C724B5}
	EndGlobalSection
EndGlobal
